
Microsoft Visual Studio Solution File, Format Version 12.00
# Visual Studio Version 17
VisualStudioVersion = 17.5.33502.453
MinimumVisualStudioVersion = 10.0.40219.1
Project("{FAE04EC0-301F-11D3-BF4B-00C04F79EFBC}") = "appJsonDeserializer", "appJsonDeserializer\appJsonDeserializer.csproj", "{C086B49B-F6DF-42D7-B73C-34D2331BD552}"
EndProject
Global
	GlobalSection(SolutionConfigurationPlatforms) = preSolution
		Debug|Any CPU = Debug|Any CPU
		Release|Any CPU = Release|Any CPU
	EndGlobalSection
	GlobalSection(ProjectConfigurationPlatforms) = postSolution
		{C086B49B-F6DF-42D7-B73C-34D2331BD552}.Debug|Any CPU.ActiveCfg = Debug|Any CPU
		{C086B49B-F6DF-42D7-B73C-34D2331BD552}.Debug|Any CPU.Build.0 = Debug|Any CPU
		{C086B49B-F6DF-42D7-B73C-34D2331BD552}.Release|Any CPU.ActiveCfg = Release|Any CPU
		{C086B49B-F6DF-42D7-B73C-34D2331BD552}.Release|Any CPU.Build.0 = Release|Any CPU
	EndGlobalSection
	GlobalSection(SolutionProperties) = preSolution
		HideSolutionNode = FALSE
	EndGlobalSection
	GlobalSection(ExtensibilityGlobals) = postSolution
		SolutionGuid = {959CBF34-65B0-4E3C-9BBD-906EC1B7875A}
	EndGlobalSection
EndGlobal
